
Microsoft Visual Studio Solution File, Format Version 12.00
# Visual Studio Version 17
VisualStudioVersion = 17.0.31903.59
MinimumVisualStudioVersion = 10.0.40219.1
Project("{FAE04EC0-301F-11D3-BF4B-00C04F79EFBC}") = "GenerateTOC", "src\GenerateTOC.csproj", "{DFB0C820-CCCF-4543-BC60-5B199670D6E3}"
EndProject
Project("{FAE04EC0-301F-11D3-BF4B-00C04F79EFBC}") = "GenerateTOCTests", "test\GenerateTOCTests.csproj", "{D4531A77-AEFF-4E66-BE25-6121A5B4F40F}"
EndProject
Project("{2150E333-8FDC-42A3-9474-1A3956D46DE8}") = "tools", "tools", "{CA43BD48-F202-44AC-AEA0-26635DA98EC0}"
EndProject
Project("{FAE04EC0-301F-11D3-BF4B-00C04F79EFBC}") = "SplitTOC", "tools\split-toc\SplitTOC.csproj", "{0DE92D59-DE8F-4C32-89EB-B132C1D2C1CD}"
EndProject
Project("{FAE04EC0-301F-11D3-BF4B-00C04F79EFBC}") = "TOCScan", "tools\toc-scan\TOCScan.csproj", "{226A92FC-16C0-4A33-ABFC-28DF34FE5F43}"
EndProject
Project("{FAE04EC0-301F-11D3-BF4B-00C04F79EFBC}") = "CSDL2Mapping", "tools\csdl-to-mapping\CSDL2Mapping.csproj", "{86D06CFB-6696-4738-B350-AAB4E6DA9030}"
EndProject
Global
	GlobalSection(SolutionConfigurationPlatforms) = preSolution
		Debug|Any CPU = Debug|Any CPU
		Release|Any CPU = Release|Any CPU
	EndGlobalSection
	GlobalSection(SolutionProperties) = preSolution
		HideSolutionNode = FALSE
	EndGlobalSection
	GlobalSection(ProjectConfigurationPlatforms) = postSolution
		{DFB0C820-CCCF-4543-BC60-5B199670D6E3}.Debug|Any CPU.ActiveCfg = Debug|Any CPU
		{DFB0C820-CCCF-4543-BC60-5B199670D6E3}.Debug|Any CPU.Build.0 = Debug|Any CPU
		{DFB0C820-CCCF-4543-BC60-5B199670D6E3}.Release|Any CPU.ActiveCfg = Release|Any CPU
		{DFB0C820-CCCF-4543-BC60-5B199670D6E3}.Release|Any CPU.Build.0 = Release|Any CPU
		{D4531A77-AEFF-4E66-BE25-6121A5B4F40F}.Debug|Any CPU.ActiveCfg = Debug|Any CPU
		{D4531A77-AEFF-4E66-BE25-6121A5B4F40F}.Debug|Any CPU.Build.0 = Debug|Any CPU
		{D4531A77-AEFF-4E66-BE25-6121A5B4F40F}.Release|Any CPU.ActiveCfg = Release|Any CPU
		{D4531A77-AEFF-4E66-BE25-6121A5B4F40F}.Release|Any CPU.Build.0 = Release|Any CPU
		{0DE92D59-DE8F-4C32-89EB-B132C1D2C1CD}.Debug|Any CPU.ActiveCfg = Debug|Any CPU
		{0DE92D59-DE8F-4C32-89EB-B132C1D2C1CD}.Debug|Any CPU.Build.0 = Debug|Any CPU
		{0DE92D59-DE8F-4C32-89EB-B132C1D2C1CD}.Release|Any CPU.ActiveCfg = Release|Any CPU
		{0DE92D59-DE8F-4C32-89EB-B132C1D2C1CD}.Release|Any CPU.Build.0 = Release|Any CPU
		{226A92FC-16C0-4A33-ABFC-28DF34FE5F43}.Debug|Any CPU.ActiveCfg = Debug|Any CPU
		{226A92FC-16C0-4A33-ABFC-28DF34FE5F43}.Debug|Any CPU.Build.0 = Debug|Any CPU
		{226A92FC-16C0-4A33-ABFC-28DF34FE5F43}.Release|Any CPU.ActiveCfg = Release|Any CPU
		{226A92FC-16C0-4A33-ABFC-28DF34FE5F43}.Release|Any CPU.Build.0 = Release|Any CPU
		{86D06CFB-6696-4738-B350-AAB4E6DA9030}.Debug|Any CPU.ActiveCfg = Debug|Any CPU
		{86D06CFB-6696-4738-B350-AAB4E6DA9030}.Debug|Any CPU.Build.0 = Debug|Any CPU
		{86D06CFB-6696-4738-B350-AAB4E6DA9030}.Release|Any CPU.ActiveCfg = Release|Any CPU
		{86D06CFB-6696-4738-B350-AAB4E6DA9030}.Release|Any CPU.Build.0 = Release|Any CPU
	EndGlobalSection
	GlobalSection(NestedProjects) = preSolution
		{0DE92D59-DE8F-4C32-89EB-B132C1D2C1CD} = {CA43BD48-F202-44AC-AEA0-26635DA98EC0}
		{226A92FC-16C0-4A33-ABFC-28DF34FE5F43} = {CA43BD48-F202-44AC-AEA0-26635DA98EC0}
		{86D06CFB-6696-4738-B350-AAB4E6DA9030} = {CA43BD48-F202-44AC-AEA0-26635DA98EC0}
	EndGlobalSection
EndGlobal
