
Microsoft Visual Studio Solution File, Format Version 12.00
# Visual Studio Version 17
VisualStudioVersion = 17.0.31903.59
MinimumVisualStudioVersion = 10.0.40219.1
Project("{FAE04EC0-301F-11D3-BF4B-00C04F79EFBC}") = "kiota-dom-export-diff-tool", "src\kiota-dom-export-diff-tool.csproj", "{578A78C9-54EB-4314-B7BE-6FFF4D7CA021}"
EndProject
Project("{FAE04EC0-301F-11D3-BF4B-00C04F79EFBC}") = "Microsoft.KiotaDomExportDiffTool.Tests", "tests\Microsoft.KiotaDomExportDiffTool.Tests.csproj", "{13D18925-DD5F-4DB5-82AA-B2577FD1333A}"
EndProject
Global
	GlobalSection(SolutionConfigurationPlatforms) = preSolution
		Debug|Any CPU = Debug|Any CPU
		Release|Any CPU = Release|Any CPU
	EndGlobalSection
	GlobalSection(SolutionProperties) = preSolution
		HideSolutionNode = FALSE
	EndGlobalSection
	GlobalSection(ProjectConfigurationPlatforms) = postSolution
		{578A78C9-54EB-4314-B7BE-6FFF4D7CA021}.Debug|Any CPU.ActiveCfg = Debug|Any CPU
		{578A78C9-54EB-4314-B7BE-6FFF4D7CA021}.Debug|Any CPU.Build.0 = Debug|Any CPU
		{578A78C9-54EB-4314-B7BE-6FFF4D7CA021}.Release|Any CPU.ActiveCfg = Release|Any CPU
		{578A78C9-54EB-4314-B7BE-6FFF4D7CA021}.Release|Any CPU.Build.0 = Release|Any CPU
		{13D18925-DD5F-4DB5-82AA-B2577FD1333A}.Debug|Any CPU.ActiveCfg = Debug|Any CPU
		{13D18925-DD5F-4DB5-82AA-B2577FD1333A}.Debug|Any CPU.Build.0 = Debug|Any CPU
		{13D18925-DD5F-4DB5-82AA-B2577FD1333A}.Release|Any CPU.ActiveCfg = Release|Any CPU
		{13D18925-DD5F-4DB5-82AA-B2577FD1333A}.Release|Any CPU.Build.0 = Release|Any CPU
	EndGlobalSection
EndGlobal
